// !$*UTF8*$!
{
	archiveVersion = 1;
	classes = {
	};
	objectVersion = 70;
	objects = {

/* Begin PBXBuildFile section */
		09727670254583C100016EB0 /* LICENSE in Resources */ = {isa = PBXBuildFile; fileRef = 0972766F254583C100016EB0 /* LICENSE */; };
		097698B3252A708A00FA1764 /* WidgetKit.framework in Frameworks */ = {isa = PBXBuildFile; fileRef = 097698B2252A708A00FA1764 /* WidgetKit.framework */; };
		097698B5252A708A00FA1764 /* SwiftUI.framework in Frameworks */ = {isa = PBXBuildFile; fileRef = 097698B4252A708A00FA1764 /* SwiftUI.framework */; };
		097698C1252A708C00FA1764 /* EstonianWeatherWidgetExtension.appex in Embed Foundation Extensions */ = {isa = PBXBuildFile; fileRef = 097698B0252A708A00FA1764 /* EstonianWeatherWidgetExtension.appex */; platformFilter = ios; settings = {ATTRIBUTES = (RemoveHeadersOnCopy, ); }; };
		A5A13D422E11AAA1008744A0 /* WeatherKit.framework in Frameworks */ = {isa = PBXBuildFile; fileRef = B1D585492879898800989B14 /* WeatherKit.framework */; };
		A5E784772E15D49A00C83568 /* libWeatherNetworking.a in Frameworks */ = {isa = PBXBuildFile; fileRef = A5E7846D2E15D44900C83568 /* libWeatherNetworking.a */; };
		A5E7847A2E15D4D800C83568 /* libWeatherLocale.a in Frameworks */ = {isa = PBXBuildFile; fileRef = B1F3374428798D9D00DCB3FE /* libWeatherLocale.a */; platformFilter = ios; };
		A5E7847D2E15D51D00C83568 /* libWeatherNetworking.a in Frameworks */ = {isa = PBXBuildFile; fileRef = A5E7846D2E15D44900C83568 /* libWeatherNetworking.a */; };
		A5E784802E15D52B00C83568 /* libWeatherNetworking.a in Frameworks */ = {isa = PBXBuildFile; fileRef = A5E7846D2E15D44900C83568 /* libWeatherNetworking.a */; };
		A5F963712E13099E00D34A94 /* .swiftformat in Resources */ = {isa = PBXBuildFile; fileRef = A5F963702E13099E00D34A94 /* .swiftformat */; };
		B11805202879A3E00019C08F /* libWeatherLocale.a in Frameworks */ = {isa = PBXBuildFile; fileRef = B1F3374428798D9D00DCB3FE /* libWeatherLocale.a */; };
		B151FD972BF102B70090D9B7 /* SWXMLHash in Frameworks */ = {isa = PBXBuildFile; productRef = B151FD962BF102B70090D9B7 /* SWXMLHash */; };
		B16AEA82287AAFCE00E5F791 /* libToolkit.a in Frameworks */ = {isa = PBXBuildFile; fileRef = B16AEA74287AAF8300E5F791 /* libToolkit.a */; };
		B1C7DB94287AB0610077CC34 /* libToolkit.a in Frameworks */ = {isa = PBXBuildFile; fileRef = B16AEA74287AAF8300E5F791 /* libToolkit.a */; };
		B1C7DB97287AB0850077CC34 /* libToolkit.a in Frameworks */ = {isa = PBXBuildFile; fileRef = B16AEA74287AAF8300E5F791 /* libToolkit.a */; };
		B1C7DBC3287ABD860077CC34 /* StoreKit.framework in Frameworks */ = {isa = PBXBuildFile; fileRef = B189D17E25E40BCD007DF2AB /* StoreKit.framework */; };
		B1D5855E2879898800989B14 /* WeatherKit.framework in Frameworks */ = {isa = PBXBuildFile; fileRef = B1D585492879898800989B14 /* WeatherKit.framework */; };
		B1D5855F2879898800989B14 /* WeatherKit.framework in Embed Frameworks */ = {isa = PBXBuildFile; fileRef = B1D585492879898800989B14 /* WeatherKit.framework */; settings = {ATTRIBUTES = (CodeSignOnCopy, RemoveHeadersOnCopy, ); }; };
		B1F3374E28798E8900DCB3FE /* libWeatherLocale.a in Frameworks */ = {isa = PBXBuildFile; fileRef = B1F3374428798D9D00DCB3FE /* libWeatherLocale.a */; };
		B1F337542879988300DCB3FE /* .swiftlint.yml in Resources */ = {isa = PBXBuildFile; fileRef = B1F337532879988300DCB3FE /* .swiftlint.yml */; };
/* End PBXBuildFile section */

/* Begin PBXContainerItemProxy section */
		097698BF252A708C00FA1764 /* PBXContainerItemProxy */ = {
			isa = PBXContainerItemProxy;
			containerPortal = 0968CD8A2522667A00D409FF /* Project object */;
			proxyType = 1;
			remoteGlobalIDString = 097698AF252A708A00FA1764;
			remoteInfo = EstonianWeatherWidgetExtension;
		};
		A5A13D442E11AAA1008744A0 /* PBXContainerItemProxy */ = {
			isa = PBXContainerItemProxy;
			containerPortal = 0968CD8A2522667A00D409FF /* Project object */;
			proxyType = 1;
			remoteGlobalIDString = B1D585482879898800989B14;
			remoteInfo = WeatherKit;
		};
		A5E784782E15D49A00C83568 /* PBXContainerItemProxy */ = {
			isa = PBXContainerItemProxy;
			containerPortal = 0968CD8A2522667A00D409FF /* Project object */;
			proxyType = 1;
			remoteGlobalIDString = A5E7846C2E15D44900C83568;
			remoteInfo = WeatherNetworking;
		};
		A5E7847B2E15D4D800C83568 /* PBXContainerItemProxy */ = {
			isa = PBXContainerItemProxy;
			containerPortal = 0968CD8A2522667A00D409FF /* Project object */;
			proxyType = 1;
			remoteGlobalIDString = B1F3374328798D9D00DCB3FE;
			remoteInfo = WeatherLocale;
		};
		A5E7847E2E15D51D00C83568 /* PBXContainerItemProxy */ = {
			isa = PBXContainerItemProxy;
			containerPortal = 0968CD8A2522667A00D409FF /* Project object */;
			proxyType = 1;
			remoteGlobalIDString = A5E7846C2E15D44900C83568;
			remoteInfo = WeatherNetworking;
		};
		A5E784812E15D52B00C83568 /* PBXContainerItemProxy */ = {
			isa = PBXContainerItemProxy;
			containerPortal = 0968CD8A2522667A00D409FF /* Project object */;
			proxyType = 1;
			remoteGlobalIDString = A5E7846C2E15D44900C83568;
			remoteInfo = WeatherNetworking;
		};
		B11805212879A3E00019C08F /* PBXContainerItemProxy */ = {
			isa = PBXContainerItemProxy;
			containerPortal = 0968CD8A2522667A00D409FF /* Project object */;
			proxyType = 1;
			remoteGlobalIDString = B1F3374328798D9D00DCB3FE;
			remoteInfo = WeatherLocale;
		};
		B16AEA83287AAFCE00E5F791 /* PBXContainerItemProxy */ = {
			isa = PBXContainerItemProxy;
			containerPortal = 0968CD8A2522667A00D409FF /* Project object */;
			proxyType = 1;
			remoteGlobalIDString = B16AEA73287AAF8300E5F791;
			remoteInfo = Toolkit;
		};
		B1C7DB95287AB0610077CC34 /* PBXContainerItemProxy */ = {
			isa = PBXContainerItemProxy;
			containerPortal = 0968CD8A2522667A00D409FF /* Project object */;
			proxyType = 1;
			remoteGlobalIDString = B16AEA73287AAF8300E5F791;
			remoteInfo = Toolkit;
		};
		B1C7DB98287AB0850077CC34 /* PBXContainerItemProxy */ = {
			isa = PBXContainerItemProxy;
			containerPortal = 0968CD8A2522667A00D409FF /* Project object */;
			proxyType = 1;
			remoteGlobalIDString = B16AEA73287AAF8300E5F791;
			remoteInfo = Toolkit;
		};
		B1C7DBAD287AB1470077CC34 /* PBXContainerItemProxy */ = {
			isa = PBXContainerItemProxy;
			containerPortal = 0968CD8A2522667A00D409FF /* Project object */;
			proxyType = 1;
			remoteGlobalIDString = B1C7DB9E287AB0FD0077CC34;
			remoteInfo = PurchaseKit;
		};
		B1D5855C2879898800989B14 /* PBXContainerItemProxy */ = {
			isa = PBXContainerItemProxy;
			containerPortal = 0968CD8A2522667A00D409FF /* Project object */;
			proxyType = 1;
			remoteGlobalIDString = B1D585482879898800989B14;
			remoteInfo = WeatherKit;
		};
		B1F3374F28798E8900DCB3FE /* PBXContainerItemProxy */ = {
			isa = PBXContainerItemProxy;
			containerPortal = 0968CD8A2522667A00D409FF /* Project object */;
			proxyType = 1;
			remoteGlobalIDString = B1F3374328798D9D00DCB3FE;
			remoteInfo = WeatherLocale;
		};
/* End PBXContainerItemProxy section */

/* Begin PBXCopyFilesBuildPhase section */
		097698C2252A708C00FA1764 /* Embed Foundation Extensions */ = {
			isa = PBXCopyFilesBuildPhase;
			buildActionMask = 12;
			dstPath = "";
			dstSubfolderSpec = 13;
			files = (
				097698C1252A708C00FA1764 /* EstonianWeatherWidgetExtension.appex in Embed Foundation Extensions */,
			);
			name = "Embed Foundation Extensions";
			runOnlyForDeploymentPostprocessing = 0;
		};
		A5E7846B2E15D44900C83568 /* CopyFiles */ = {
			isa = PBXCopyFilesBuildPhase;
			buildActionMask = 2147483647;
			dstPath = "include/$(PRODUCT_NAME)";
			dstSubfolderSpec = 16;
			files = (
			);
			runOnlyForDeploymentPostprocessing = 0;
		};
		B16AEA72287AAF8300E5F791 /* CopyFiles */ = {
			isa = PBXCopyFilesBuildPhase;
			buildActionMask = 2147483647;
			dstPath = "include/$(PRODUCT_NAME)";
			dstSubfolderSpec = 16;
			files = (
			);
			runOnlyForDeploymentPostprocessing = 0;
		};
		B1D585632879898800989B14 /* Embed Frameworks */ = {
			isa = PBXCopyFilesBuildPhase;
			buildActionMask = 2147483647;
			dstPath = "";
			dstSubfolderSpec = 10;
			files = (
				B1D5855F2879898800989B14 /* WeatherKit.framework in Embed Frameworks */,
			);
			name = "Embed Frameworks";
			runOnlyForDeploymentPostprocessing = 0;
		};
		B1F3374228798D9D00DCB3FE /* CopyFiles */ = {
			isa = PBXCopyFilesBuildPhase;
			buildActionMask = 2147483647;
			dstPath = "include/$(PRODUCT_NAME)";
			dstSubfolderSpec = 16;
			files = (
			);
			runOnlyForDeploymentPostprocessing = 0;
		};
/* End PBXCopyFilesBuildPhase section */

/* Begin PBXFileReference section */
		0968CD922522667A00D409FF /* EstonianWeather.app */ = {isa = PBXFileReference; explicitFileType = wrapper.application; includeInIndex = 0; path = EstonianWeather.app; sourceTree = BUILT_PRODUCTS_DIR; };
		0972766F254583C100016EB0 /* LICENSE */ = {isa = PBXFileReference; fileEncoding = 4; lastKnownFileType = text; path = LICENSE; sourceTree = "<group>"; };
		097698B0252A708A00FA1764 /* EstonianWeatherWidgetExtension.appex */ = {isa = PBXFileReference; explicitFileType = "wrapper.app-extension"; includeInIndex = 0; path = EstonianWeatherWidgetExtension.appex; sourceTree = BUILT_PRODUCTS_DIR; };
		097698B2252A708A00FA1764 /* WidgetKit.framework */ = {isa = PBXFileReference; lastKnownFileType = wrapper.framework; name = WidgetKit.framework; path = System/Library/Frameworks/WidgetKit.framework; sourceTree = SDKROOT; };
		097698B4252A708A00FA1764 /* SwiftUI.framework */ = {isa = PBXFileReference; lastKnownFileType = wrapper.framework; name = SwiftUI.framework; path = System/Library/Frameworks/SwiftUI.framework; sourceTree = SDKROOT; };
		09D68CF02544AB7100F9DF78 /* README.md */ = {isa = PBXFileReference; fileEncoding = 4; lastKnownFileType = net.daringfireball.markdown; path = README.md; sourceTree = "<group>"; };
		A5E7846D2E15D44900C83568 /* libWeatherNetworking.a */ = {isa = PBXFileReference; explicitFileType = archive.ar; includeInIndex = 0; path = libWeatherNetworking.a; sourceTree = BUILT_PRODUCTS_DIR; };
		A5F963702E13099E00D34A94 /* .swiftformat */ = {isa = PBXFileReference; lastKnownFileType = text; path = .swiftformat; sourceTree = "<group>"; xcLanguageSpecificationIdentifier = xcode.lang.ruby; };
		B16AEA74287AAF8300E5F791 /* libToolkit.a */ = {isa = PBXFileReference; explicitFileType = archive.ar; includeInIndex = 0; path = libToolkit.a; sourceTree = BUILT_PRODUCTS_DIR; };
		B189D17E25E40BCD007DF2AB /* StoreKit.framework */ = {isa = PBXFileReference; lastKnownFileType = wrapper.framework; name = StoreKit.framework; path = System/Library/Frameworks/StoreKit.framework; sourceTree = SDKROOT; };
		B1D585492879898800989B14 /* WeatherKit.framework */ = {isa = PBXFileReference; explicitFileType = wrapper.framework; includeInIndex = 0; path = WeatherKit.framework; sourceTree = BUILT_PRODUCTS_DIR; };
		B1D652F7259943B40071A57E /* Privacy Policy.md */ = {isa = PBXFileReference; lastKnownFileType = net.daringfireball.markdown; path = "Privacy Policy.md"; sourceTree = "<group>"; };
		B1F3374428798D9D00DCB3FE /* libWeatherLocale.a */ = {isa = PBXFileReference; explicitFileType = archive.ar; includeInIndex = 0; path = libWeatherLocale.a; sourceTree = BUILT_PRODUCTS_DIR; };
		B1F337532879988300DCB3FE /* .swiftlint.yml */ = {isa = PBXFileReference; fileEncoding = 4; lastKnownFileType = text.yaml; path = .swiftlint.yml; sourceTree = "<group>"; };
/* End PBXFileReference section */

/* Begin PBXFileSystemSynchronizedBuildFileExceptionSet section */
		A5A706BF2E10A05D0046012E /* PBXFileSystemSynchronizedBuildFileExceptionSet */ = {
			isa = PBXFileSystemSynchronizedBuildFileExceptionSet;
			membershipExceptions = (
				"Supporting Files/Info.plist",
				"Supporting Files/TestConfiguration.storekit",
			);
			target = 0968CD912522667A00D409FF /* EstonianWeather */;
		};
		A5A706CE2E10A07F0046012E /* PBXFileSystemSynchronizedBuildFileExceptionSet */ = {
			isa = PBXFileSystemSynchronizedBuildFileExceptionSet;
			membershipExceptions = (
				Info.plist,
			);
			target = 097698AF252A708A00FA1764 /* EstonianWeatherWidgetExtension */;
		};
		A5A706F72E10A0870046012E /* PBXFileSystemSynchronizedBuildFileExceptionSet */ = {
			isa = PBXFileSystemSynchronizedBuildFileExceptionSet;
			publicHeaders = (
				WeatherKit.h,
			);
			target = B1D585482879898800989B14 /* WeatherKit */;
		};
/* End PBXFileSystemSynchronizedBuildFileExceptionSet section */

/* Begin PBXFileSystemSynchronizedRootGroup section */
		A5A706A12E10A05D0046012E /* EstonianWeather */ = {isa = PBXFileSystemSynchronizedRootGroup; exceptions = (A5A706BF2E10A05D0046012E /* PBXFileSystemSynchronizedBuildFileExceptionSet */, ); explicitFileTypes = {}; explicitFolders = (); path = EstonianWeather; sourceTree = "<group>"; };
		A5A706C72E10A07F0046012E /* EstonianWeatherWidget */ = {isa = PBXFileSystemSynchronizedRootGroup; exceptions = (A5A706CE2E10A07F0046012E /* PBXFileSystemSynchronizedBuildFileExceptionSet */, ); explicitFileTypes = {}; explicitFolders = (); path = EstonianWeatherWidget; sourceTree = "<group>"; };
		A5A706ED2E10A0870046012E /* WeatherKit */ = {isa = PBXFileSystemSynchronizedRootGroup; exceptions = (A5A706F72E10A0870046012E /* PBXFileSystemSynchronizedBuildFileExceptionSet */, ); explicitFileTypes = {}; explicitFolders = (); path = WeatherKit; sourceTree = "<group>"; };
		A5A707012E10A08C0046012E /* WeatherLocale */ = {isa = PBXFileSystemSynchronizedRootGroup; explicitFileTypes = {}; explicitFolders = (); path = WeatherLocale; sourceTree = "<group>"; };
		A5A7070A2E10A0900046012E /* Toolkit */ = {isa = PBXFileSystemSynchronizedRootGroup; explicitFileTypes = {}; explicitFolders = (); path = Toolkit; sourceTree = "<group>"; };
		A5E7846E2E15D44900C83568 /* WeatherNetworking */ = {isa = PBXFileSystemSynchronizedRootGroup; explicitFileTypes = {}; explicitFolders = (); path = WeatherNetworking; sourceTree = "<group>"; };
		A5F963FC2E13125300D34A94 /* Resources */ = {isa = PBXFileSystemSynchronizedRootGroup; explicitFileTypes = {}; explicitFolders = (); path = Resources; sourceTree = "<group>"; };
/* End PBXFileSystemSynchronizedRootGroup section */

/* Begin PBXFrameworksBuildPhase section */
		0968CD8F2522667A00D409FF /* Frameworks */ = {
			isa = PBXFrameworksBuildPhase;
			buildActionMask = 2147483647;
			files = (
				A5E784802E15D52B00C83568 /* libWeatherNetworking.a in Frameworks */,
				B1D5855E2879898800989B14 /* WeatherKit.framework in Frameworks */,
				B1C7DBC3287ABD860077CC34 /* StoreKit.framework in Frameworks */,
				B1C7DB97287AB0850077CC34 /* libToolkit.a in Frameworks */,
			);
			runOnlyForDeploymentPostprocessing = 0;
		};
		097698AD252A708A00FA1764 /* Frameworks */ = {
			isa = PBXFrameworksBuildPhase;
			buildActionMask = 2147483647;
			files = (
				097698B5252A708A00FA1764 /* SwiftUI.framework in Frameworks */,
				B11805202879A3E00019C08F /* libWeatherLocale.a in Frameworks */,
				A5E7847D2E15D51D00C83568 /* libWeatherNetworking.a in Frameworks */,
				B1C7DB94287AB0610077CC34 /* libToolkit.a in Frameworks */,
				A5A13D422E11AAA1008744A0 /* WeatherKit.framework in Frameworks */,
				097698B3252A708A00FA1764 /* WidgetKit.framework in Frameworks */,
			);
			runOnlyForDeploymentPostprocessing = 0;
		};
		A5E7846A2E15D44900C83568 /* Frameworks */ = {
			isa = PBXFrameworksBuildPhase;
			buildActionMask = 2147483647;
			files = (
				A5E7847A2E15D4D800C83568 /* libWeatherLocale.a in Frameworks */,
			);
			runOnlyForDeploymentPostprocessing = 0;
		};
		B16AEA71287AAF8300E5F791 /* Frameworks */ = {
			isa = PBXFrameworksBuildPhase;
			buildActionMask = 2147483647;
			files = (
			);
			runOnlyForDeploymentPostprocessing = 0;
		};
		B1D585462879898800989B14 /* Frameworks */ = {
			isa = PBXFrameworksBuildPhase;
			buildActionMask = 2147483647;
			files = (
				A5E784772E15D49A00C83568 /* libWeatherNetworking.a in Frameworks */,
				B151FD972BF102B70090D9B7 /* SWXMLHash in Frameworks */,
				B1F3374E28798E8900DCB3FE /* libWeatherLocale.a in Frameworks */,
				B16AEA82287AAFCE00E5F791 /* libToolkit.a in Frameworks */,
			);
			runOnlyForDeploymentPostprocessing = 0;
		};
		B1F3374128798D9D00DCB3FE /* Frameworks */ = {
			isa = PBXFrameworksBuildPhase;
			buildActionMask = 2147483647;
			files = (
			);
			runOnlyForDeploymentPostprocessing = 0;
		};
/* End PBXFrameworksBuildPhase section */

/* Begin PBXGroup section */
		0968CD892522667A00D409FF = {
			isa = PBXGroup;
			children = (
				A5F963702E13099E00D34A94 /* .swiftformat */,
				B1F337532879988300DCB3FE /* .swiftlint.yml */,
				A5A706A12E10A05D0046012E /* EstonianWeather */,
				A5A706C72E10A07F0046012E /* EstonianWeatherWidget */,
				A5A706ED2E10A0870046012E /* WeatherKit */,
				A5A707012E10A08C0046012E /* WeatherLocale */,
				A5F963FC2E13125300D34A94 /* Resources */,
				A5A7070A2E10A0900046012E /* Toolkit */,
				A5E7846E2E15D44900C83568 /* WeatherNetworking */,
				097698B1252A708A00FA1764 /* Frameworks */,
				0968CD932522667A00D409FF /* Products */,
				0972766F254583C100016EB0 /* LICENSE */,
				09D68CF02544AB7100F9DF78 /* README.md */,
				B1D652F7259943B40071A57E /* Privacy Policy.md */,
			);
			sourceTree = "<group>";
		};
		0968CD932522667A00D409FF /* Products */ = {
			isa = PBXGroup;
			children = (
				0968CD922522667A00D409FF /* EstonianWeather.app */,
				097698B0252A708A00FA1764 /* EstonianWeatherWidgetExtension.appex */,
				B1D585492879898800989B14 /* WeatherKit.framework */,
				B1F3374428798D9D00DCB3FE /* libWeatherLocale.a */,
				B16AEA74287AAF8300E5F791 /* libToolkit.a */,
				A5E7846D2E15D44900C83568 /* libWeatherNetworking.a */,
			);
			name = Products;
			sourceTree = "<group>";
		};
		097698B1252A708A00FA1764 /* Frameworks */ = {
			isa = PBXGroup;
			children = (
				B189D17E25E40BCD007DF2AB /* StoreKit.framework */,
				097698B2252A708A00FA1764 /* WidgetKit.framework */,
				097698B4252A708A00FA1764 /* SwiftUI.framework */,
			);
			name = Frameworks;
			sourceTree = "<group>";
		};
/* End PBXGroup section */

/* Begin PBXHeadersBuildPhase section */
		B1D585442879898800989B14 /* Headers */ = {
			isa = PBXHeadersBuildPhase;
			buildActionMask = 2147483647;
			files = (
			);
			runOnlyForDeploymentPostprocessing = 0;
		};
/* End PBXHeadersBuildPhase section */

/* Begin PBXNativeTarget section */
		0968CD912522667A00D409FF /* EstonianWeather */ = {
			isa = PBXNativeTarget;
			buildConfigurationList = 0968CDB72522667B00D409FF /* Build configuration list for PBXNativeTarget "EstonianWeather" */;
			buildPhases = (
				A5F962D92E13031600D34A94 /* Run Swiftformat */,
				0968CD8E2522667A00D409FF /* Sources */,
				0968CD8F2522667A00D409FF /* Frameworks */,
				0968CD902522667A00D409FF /* Resources */,
				097698C2252A708C00FA1764 /* Embed Foundation Extensions */,
				B1D585632879898800989B14 /* Embed Frameworks */,
			);
			buildRules = (
			);
			dependencies = (
				A5D79D6F2E12F920007131F4 /* PBXTargetDependency */,
				097698C0252A708C00FA1764 /* PBXTargetDependency */,
				B1D5855D2879898800989B14 /* PBXTargetDependency */,
				B1C7DB99287AB0850077CC34 /* PBXTargetDependency */,
				B1C7DBAE287AB1470077CC34 /* PBXTargetDependency */,
				A5E784822E15D52B00C83568 /* PBXTargetDependency */,
			);
			fileSystemSynchronizedGroups = (
				A5A706A12E10A05D0046012E /* EstonianWeather */,
				A5F963FC2E13125300D34A94 /* Resources */,
			);
			name = EstonianWeather;
			packageProductDependencies = (
			);
			productName = EstonianWeather;
			productReference = 0968CD922522667A00D409FF /* EstonianWeather.app */;
			productType = "com.apple.product-type.application";
		};
		097698AF252A708A00FA1764 /* EstonianWeatherWidgetExtension */ = {
			isa = PBXNativeTarget;
			buildConfigurationList = 097698C5252A708C00FA1764 /* Build configuration list for PBXNativeTarget "EstonianWeatherWidgetExtension" */;
			buildPhases = (
				097698AC252A708A00FA1764 /* Sources */,
				097698AD252A708A00FA1764 /* Frameworks */,
				097698AE252A708A00FA1764 /* Resources */,
			);
			buildRules = (
			);
			dependencies = (
				B11805222879A3E00019C08F /* PBXTargetDependency */,
				B1C7DB96287AB0610077CC34 /* PBXTargetDependency */,
				A5A13D452E11AAA1008744A0 /* PBXTargetDependency */,
				A5E7847F2E15D51D00C83568 /* PBXTargetDependency */,
			);
			fileSystemSynchronizedGroups = (
				A5A706C72E10A07F0046012E /* EstonianWeatherWidget */,
			);
			name = EstonianWeatherWidgetExtension;
			packageProductDependencies = (
			);
			productName = EstonianWeatherWidgetExtension;
			productReference = 097698B0252A708A00FA1764 /* EstonianWeatherWidgetExtension.appex */;
			productType = "com.apple.product-type.app-extension";
		};
		A5E7846C2E15D44900C83568 /* WeatherNetworking */ = {
			isa = PBXNativeTarget;
			buildConfigurationList = A5E784712E15D44900C83568 /* Build configuration list for PBXNativeTarget "WeatherNetworking" */;
			buildPhases = (
				A5E784692E15D44900C83568 /* Sources */,
				A5E7846A2E15D44900C83568 /* Frameworks */,
				A5E7846B2E15D44900C83568 /* CopyFiles */,
			);
			buildRules = (
			);
			dependencies = (
				A5E7847C2E15D4D800C83568 /* PBXTargetDependency */,
			);
			fileSystemSynchronizedGroups = (
				A5E7846E2E15D44900C83568 /* WeatherNetworking */,
			);
			name = WeatherNetworking;
			packageProductDependencies = (
			);
			productName = WeatherNetworking;
			productReference = A5E7846D2E15D44900C83568 /* libWeatherNetworking.a */;
			productType = "com.apple.product-type.library.static";
		};
		B16AEA73287AAF8300E5F791 /* Toolkit */ = {
			isa = PBXNativeTarget;
			buildConfigurationList = B16AEA7A287AAF8300E5F791 /* Build configuration list for PBXNativeTarget "Toolkit" */;
			buildPhases = (
				B16AEA70287AAF8300E5F791 /* Sources */,
				B16AEA71287AAF8300E5F791 /* Frameworks */,
				B16AEA72287AAF8300E5F791 /* CopyFiles */,
			);
			buildRules = (
			);
			dependencies = (
			);
			fileSystemSynchronizedGroups = (
				A5A7070A2E10A0900046012E /* Toolkit */,
			);
			name = Toolkit;
			productName = Toolkit;
			productReference = B16AEA74287AAF8300E5F791 /* libToolkit.a */;
			productType = "com.apple.product-type.library.static";
		};
		B1D585482879898800989B14 /* WeatherKit */ = {
			isa = PBXNativeTarget;
			buildConfigurationList = B1D585602879898800989B14 /* Build configuration list for PBXNativeTarget "WeatherKit" */;
			buildPhases = (
				B1D585442879898800989B14 /* Headers */,
				B1D585452879898800989B14 /* Sources */,
				B1D585462879898800989B14 /* Frameworks */,
				B1D585472879898800989B14 /* Resources */,
			);
			buildRules = (
			);
			dependencies = (
				B1F3375028798E8900DCB3FE /* PBXTargetDependency */,
				B16AEA84287AAFCE00E5F791 /* PBXTargetDependency */,
				A5E784792E15D49A00C83568 /* PBXTargetDependency */,
			);
			fileSystemSynchronizedGroups = (
				A5A706ED2E10A0870046012E /* WeatherKit */,
			);
			name = WeatherKit;
			packageProductDependencies = (
				B151FD962BF102B70090D9B7 /* SWXMLHash */,
			);
			productName = WeatherKit;
			productReference = B1D585492879898800989B14 /* WeatherKit.framework */;
			productType = "com.apple.product-type.framework";
		};
		B1F3374328798D9D00DCB3FE /* WeatherLocale */ = {
			isa = PBXNativeTarget;
			buildConfigurationList = B1F3374828798D9D00DCB3FE /* Build configuration list for PBXNativeTarget "WeatherLocale" */;
			buildPhases = (
				B1F3374028798D9D00DCB3FE /* Sources */,
				B1F3374128798D9D00DCB3FE /* Frameworks */,
				B1F3374228798D9D00DCB3FE /* CopyFiles */,
			);
			buildRules = (
			);
			dependencies = (
			);
			fileSystemSynchronizedGroups = (
				A5A707012E10A08C0046012E /* WeatherLocale */,
			);
			name = WeatherLocale;
			productName = WeatherLocale;
			productReference = B1F3374428798D9D00DCB3FE /* libWeatherLocale.a */;
			productType = "com.apple.product-type.library.static";
		};
/* End PBXNativeTarget section */

/* Begin PBXProject section */
		0968CD8A2522667A00D409FF /* Project object */ = {
			isa = PBXProject;
			attributes = {
				BuildIndependentTargetsInParallel = YES;
				LastSwiftUpdateCheck = 2600;
				LastUpgradeCheck = 1540;
				TargetAttributes = {
					0968CD912522667A00D409FF = {
						CreatedOnToolsVersion = 12.0.1;
					};
					097698AF252A708A00FA1764 = {
						CreatedOnToolsVersion = 12.0.1;
					};
					A5E7846C2E15D44900C83568 = {
						CreatedOnToolsVersion = 26.0;
					};
					B16AEA73287AAF8300E5F791 = {
						CreatedOnToolsVersion = 14.0;
					};
					B1D585482879898800989B14 = {
						CreatedOnToolsVersion = 14.0;
					};
					B1F3374328798D9D00DCB3FE = {
						CreatedOnToolsVersion = 14.0;
					};
				};
			};
			buildConfigurationList = 0968CD8D2522667A00D409FF /* Build configuration list for PBXProject "EstonianWeather" */;
			compatibilityVersion = "Xcode 15.3";
			developmentRegion = en;
			hasScannedForEncodings = 0;
			knownRegions = (
				en,
				Base,
				et,
			);
			mainGroup = 0968CD892522667A00D409FF;
			packageReferences = (
				B151FD952BF102B70090D9B7 /* XCRemoteSwiftPackageReference "SWXMLHash" */,
				A5D79D6D2E12F8DB007131F4 /* XCRemoteSwiftPackageReference "SwiftLintPlugins" */,
			);
			productRefGroup = 0968CD932522667A00D409FF /* Products */;
			projectDirPath = "";
			projectRoot = "";
			targets = (
				0968CD912522667A00D409FF /* EstonianWeather */,
				097698AF252A708A00FA1764 /* EstonianWeatherWidgetExtension */,
				B1D585482879898800989B14 /* WeatherKit */,
				B1F3374328798D9D00DCB3FE /* WeatherLocale */,
				B16AEA73287AAF8300E5F791 /* Toolkit */,
				A5E7846C2E15D44900C83568 /* WeatherNetworking */,
			);
		};
/* End PBXProject section */

/* Begin PBXResourcesBuildPhase section */
		0968CD902522667A00D409FF /* Resources */ = {
			isa = PBXResourcesBuildPhase;
			buildActionMask = 2147483647;
			files = (
				A5F963712E13099E00D34A94 /* .swiftformat in Resources */,
				B1F337542879988300DCB3FE /* .swiftlint.yml in Resources */,
				09727670254583C100016EB0 /* LICENSE in Resources */,
			);
			runOnlyForDeploymentPostprocessing = 0;
		};
		097698AE252A708A00FA1764 /* Resources */ = {
			isa = PBXResourcesBuildPhase;
			buildActionMask = 2147483647;
			files = (
			);
			runOnlyForDeploymentPostprocessing = 0;
		};
		B1D585472879898800989B14 /* Resources */ = {
			isa = PBXResourcesBuildPhase;
			buildActionMask = 2147483647;
			files = (
			);
			runOnlyForDeploymentPostprocessing = 0;
		};
/* End PBXResourcesBuildPhase section */

/* Begin PBXShellScriptBuildPhase section */
		A5F962D92E13031600D34A94 /* Run Swiftformat */ = {
			isa = PBXShellScriptBuildPhase;
			alwaysOutOfDate = 1;
			buildActionMask = 2147483647;
			files = (
			);
			inputFileListPaths = (
			);
			inputPaths = (
			);
			name = "Run Swiftformat";
			outputFileListPaths = (
			);
			outputPaths = (
			);
			runOnlyForDeploymentPostprocessing = 0;
			shellPath = /bin/sh;
			shellScript = "cd BuildTools\nSDKROOT=(xcrun --sdk macosx --show-sdk-path)\n# swift package update #Uncomment this line temporarily to update the version used to the latest matching your BuildTools/Package.swift file\nswift run -c release swiftformat \"$SRCROOT\"\n";
		};
/* End PBXShellScriptBuildPhase section */

/* Begin PBXSourcesBuildPhase section */
		0968CD8E2522667A00D409FF /* Sources */ = {
			isa = PBXSourcesBuildPhase;
			buildActionMask = 2147483647;
			files = (
			);
			runOnlyForDeploymentPostprocessing = 0;
		};
		097698AC252A708A00FA1764 /* Sources */ = {
			isa = PBXSourcesBuildPhase;
			buildActionMask = 2147483647;
			files = (
			);
			runOnlyForDeploymentPostprocessing = 0;
		};
		A5E784692E15D44900C83568 /* Sources */ = {
			isa = PBXSourcesBuildPhase;
			buildActionMask = 2147483647;
			files = (
			);
			runOnlyForDeploymentPostprocessing = 0;
		};
		B16AEA70287AAF8300E5F791 /* Sources */ = {
			isa = PBXSourcesBuildPhase;
			buildActionMask = 2147483647;
			files = (
			);
			runOnlyForDeploymentPostprocessing = 0;
		};
		B1D585452879898800989B14 /* Sources */ = {
			isa = PBXSourcesBuildPhase;
			buildActionMask = 2147483647;
			files = (
			);
			runOnlyForDeploymentPostprocessing = 0;
		};
		B1F3374028798D9D00DCB3FE /* Sources */ = {
			isa = PBXSourcesBuildPhase;
			buildActionMask = 2147483647;
			files = (
			);
			runOnlyForDeploymentPostprocessing = 0;
		};
/* End PBXSourcesBuildPhase section */

/* Begin PBXTargetDependency section */
		097698C0252A708C00FA1764 /* PBXTargetDependency */ = {
			isa = PBXTargetDependency;
			platformFilter = ios;
			target = 097698AF252A708A00FA1764 /* EstonianWeatherWidgetExtension */;
			targetProxy = 097698BF252A708C00FA1764 /* PBXContainerItemProxy */;
		};
		A5A13D452E11AAA1008744A0 /* PBXTargetDependency */ = {
			isa = PBXTargetDependency;
			target = B1D585482879898800989B14 /* WeatherKit */;
			targetProxy = A5A13D442E11AAA1008744A0 /* PBXContainerItemProxy */;
		};
		A5D79D6F2E12F920007131F4 /* PBXTargetDependency */ = {
			isa = PBXTargetDependency;
			productRef = A5D79D6E2E12F920007131F4 /* SwiftLintBuildToolPlugin */;
		};
		A5E784792E15D49A00C83568 /* PBXTargetDependency */ = {
			isa = PBXTargetDependency;
			target = A5E7846C2E15D44900C83568 /* WeatherNetworking */;
			targetProxy = A5E784782E15D49A00C83568 /* PBXContainerItemProxy */;
		};
		A5E7847C2E15D4D800C83568 /* PBXTargetDependency */ = {
			isa = PBXTargetDependency;
			platformFilter = ios;
			target = B1F3374328798D9D00DCB3FE /* WeatherLocale */;
			targetProxy = A5E7847B2E15D4D800C83568 /* PBXContainerItemProxy */;
		};
		A5E7847F2E15D51D00C83568 /* PBXTargetDependency */ = {
			isa = PBXTargetDependency;
			target = A5E7846C2E15D44900C83568 /* WeatherNetworking */;
			targetProxy = A5E7847E2E15D51D00C83568 /* PBXContainerItemProxy */;
		};
		A5E784822E15D52B00C83568 /* PBXTargetDependency */ = {
			isa = PBXTargetDependency;
			target = A5E7846C2E15D44900C83568 /* WeatherNetworking */;
			targetProxy = A5E784812E15D52B00C83568 /* PBXContainerItemProxy */;
		};
		B11805222879A3E00019C08F /* PBXTargetDependency */ = {
			isa = PBXTargetDependency;
			target = B1F3374328798D9D00DCB3FE /* WeatherLocale */;
			targetProxy = B11805212879A3E00019C08F /* PBXContainerItemProxy */;
		};
		B16AEA84287AAFCE00E5F791 /* PBXTargetDependency */ = {
			isa = PBXTargetDependency;
			target = B16AEA73287AAF8300E5F791 /* Toolkit */;
			targetProxy = B16AEA83287AAFCE00E5F791 /* PBXContainerItemProxy */;
		};
		B1C7DB96287AB0610077CC34 /* PBXTargetDependency */ = {
			isa = PBXTargetDependency;
			target = B16AEA73287AAF8300E5F791 /* Toolkit */;
			targetProxy = B1C7DB95287AB0610077CC34 /* PBXContainerItemProxy */;
		};
		B1C7DB99287AB0850077CC34 /* PBXTargetDependency */ = {
			isa = PBXTargetDependency;
			target = B16AEA73287AAF8300E5F791 /* Toolkit */;
			targetProxy = B1C7DB98287AB0850077CC34 /* PBXContainerItemProxy */;
		};
		B1C7DBAE287AB1470077CC34 /* PBXTargetDependency */ = {
			isa = PBXTargetDependency;
			targetProxy = B1C7DBAD287AB1470077CC34 /* PBXContainerItemProxy */;
		};
		B1D5855D2879898800989B14 /* PBXTargetDependency */ = {
			isa = PBXTargetDependency;
			target = B1D585482879898800989B14 /* WeatherKit */;
			targetProxy = B1D5855C2879898800989B14 /* PBXContainerItemProxy */;
		};
		B1F3375028798E8900DCB3FE /* PBXTargetDependency */ = {
			isa = PBXTargetDependency;
			target = B1F3374328798D9D00DCB3FE /* WeatherLocale */;
			targetProxy = B1F3374F28798E8900DCB3FE /* PBXContainerItemProxy */;
		};
/* End PBXTargetDependency section */

/* Begin XCBuildConfiguration section */
		0968CDB52522667B00D409FF /* Debug */ = {
			isa = XCBuildConfiguration;
			buildSettings = {
				ALWAYS_SEARCH_USER_PATHS = NO;
				ASSETCATALOG_COMPILER_GENERATE_SWIFT_ASSET_SYMBOL_EXTENSIONS = YES;
				CLANG_ANALYZER_LOCALIZABILITY_NONLOCALIZED = YES;
				CLANG_ANALYZER_NONNULL = YES;
				CLANG_ANALYZER_NUMBER_OBJECT_CONVERSION = YES_AGGRESSIVE;
				CLANG_CXX_LANGUAGE_STANDARD = "gnu++14";
				CLANG_CXX_LIBRARY = "libc++";
				CLANG_ENABLE_MODULES = YES;
				CLANG_ENABLE_OBJC_ARC = YES;
				CLANG_ENABLE_OBJC_WEAK = YES;
				CLANG_WARN_BLOCK_CAPTURE_AUTORELEASING = YES;
				CLANG_WARN_BOOL_CONVERSION = YES;
				CLANG_WARN_COMMA = YES;
				CLANG_WARN_CONSTANT_CONVERSION = YES;
				CLANG_WARN_DEPRECATED_OBJC_IMPLEMENTATIONS = YES;
				CLANG_WARN_DIRECT_OBJC_ISA_USAGE = YES_ERROR;
				CLANG_WARN_DOCUMENTATION_COMMENTS = YES;
				CLANG_WARN_EMPTY_BODY = YES;
				CLANG_WARN_ENUM_CONVERSION = YES;
				CLANG_WARN_INFINITE_RECURSION = YES;
				CLANG_WARN_INT_CONVERSION = YES;
				CLANG_WARN_NON_LITERAL_NULL_CONVERSION = YES;
				CLANG_WARN_OBJC_IMPLICIT_RETAIN_SELF = YES;
				CLANG_WARN_OBJC_LITERAL_CONVERSION = YES;
				CLANG_WARN_OBJC_ROOT_CLASS = YES_ERROR;
				CLANG_WARN_QUOTED_INCLUDE_IN_FRAMEWORK_HEADER = YES;
				CLANG_WARN_RANGE_LOOP_ANALYSIS = YES;
				CLANG_WARN_STRICT_PROTOTYPES = YES;
				CLANG_WARN_SUSPICIOUS_MOVE = YES;
				CLANG_WARN_UNGUARDED_AVAILABILITY = YES_AGGRESSIVE;
				CLANG_WARN_UNREACHABLE_CODE = YES;
				CLANG_WARN__DUPLICATE_METHOD_MATCH = YES;
				COPY_PHASE_STRIP = NO;
				CURRENT_PROJECT_VERSION = 56;
				DEBUG_INFORMATION_FORMAT = dwarf;
				ENABLE_STRICT_OBJC_MSGSEND = YES;
				ENABLE_TESTABILITY = YES;
				ENABLE_USER_SCRIPT_SANDBOXING = YES;
				GCC_C_LANGUAGE_STANDARD = gnu11;
				GCC_DYNAMIC_NO_PIC = NO;
				GCC_NO_COMMON_BLOCKS = YES;
				GCC_OPTIMIZATION_LEVEL = 0;
				GCC_PREPROCESSOR_DEFINITIONS = (
					"DEBUG=1",
					"$(inherited)",
				);
				GCC_WARN_64_TO_32_BIT_CONVERSION = YES;
				GCC_WARN_ABOUT_RETURN_TYPE = YES_ERROR;
				GCC_WARN_UNDECLARED_SELECTOR = YES;
				GCC_WARN_UNINITIALIZED_AUTOS = YES_AGGRESSIVE;
				GCC_WARN_UNUSED_FUNCTION = YES;
				GCC_WARN_UNUSED_VARIABLE = YES;
				IPHONEOS_DEPLOYMENT_TARGET = 18.0;
				LOCALIZATION_PREFERS_STRING_CATALOGS = YES;
				MARKETING_VERSION = 3.0;
				MTL_ENABLE_DEBUG_INFO = INCLUDE_SOURCE;
				MTL_FAST_MATH = YES;
				ONLY_ACTIVE_ARCH = YES;
				SDKROOT = iphoneos;
				SWIFT_ACTIVE_COMPILATION_CONDITIONS = DEBUG;
				SWIFT_DEFAULT_ACTOR_ISOLATION = MainActor;
				SWIFT_EMIT_LOC_STRINGS = YES;
				SWIFT_OPTIMIZATION_LEVEL = "-Onone";
				SWIFT_VERSION = 6.0;
				TARGETED_DEVICE_FAMILY = "1,2,6";
				VERSIONING_SYSTEM = "apple-generic";
			};
			name = Debug;
		};
		0968CDB62522667B00D409FF /* Release */ = {
			isa = XCBuildConfiguration;
			buildSettings = {
				ALWAYS_SEARCH_USER_PATHS = NO;
				ASSETCATALOG_COMPILER_GENERATE_SWIFT_ASSET_SYMBOL_EXTENSIONS = YES;
				CLANG_ANALYZER_LOCALIZABILITY_NONLOCALIZED = YES;
				CLANG_ANALYZER_NONNULL = YES;
				CLANG_ANALYZER_NUMBER_OBJECT_CONVERSION = YES_AGGRESSIVE;
				CLANG_CXX_LANGUAGE_STANDARD = "gnu++14";
				CLANG_CXX_LIBRARY = "libc++";
				CLANG_ENABLE_MODULES = YES;
				CLANG_ENABLE_OBJC_ARC = YES;
				CLANG_ENABLE_OBJC_WEAK = YES;
				CLANG_WARN_BLOCK_CAPTURE_AUTORELEASING = YES;
				CLANG_WARN_BOOL_CONVERSION = YES;
				CLANG_WARN_COMMA = YES;
				CLANG_WARN_CONSTANT_CONVERSION = YES;
				CLANG_WARN_DEPRECATED_OBJC_IMPLEMENTATIONS = YES;
				CLANG_WARN_DIRECT_OBJC_ISA_USAGE = YES_ERROR;
				CLANG_WARN_DOCUMENTATION_COMMENTS = YES;
				CLANG_WARN_EMPTY_BODY = YES;
				CLANG_WARN_ENUM_CONVERSION = YES;
				CLANG_WARN_INFINITE_RECURSION = YES;
				CLANG_WARN_INT_CONVERSION = YES;
				CLANG_WARN_NON_LITERAL_NULL_CONVERSION = YES;
				CLANG_WARN_OBJC_IMPLICIT_RETAIN_SELF = YES;
				CLANG_WARN_OBJC_LITERAL_CONVERSION = YES;
				CLANG_WARN_OBJC_ROOT_CLASS = YES_ERROR;
				CLANG_WARN_QUOTED_INCLUDE_IN_FRAMEWORK_HEADER = YES;
				CLANG_WARN_RANGE_LOOP_ANALYSIS = YES;
				CLANG_WARN_STRICT_PROTOTYPES = YES;
				CLANG_WARN_SUSPICIOUS_MOVE = YES;
				CLANG_WARN_UNGUARDED_AVAILABILITY = YES_AGGRESSIVE;
				CLANG_WARN_UNREACHABLE_CODE = YES;
				CLANG_WARN__DUPLICATE_METHOD_MATCH = YES;
				COPY_PHASE_STRIP = NO;
				CURRENT_PROJECT_VERSION = 56;
				DEBUG_INFORMATION_FORMAT = "dwarf-with-dsym";
				ENABLE_NS_ASSERTIONS = NO;
				ENABLE_STRICT_OBJC_MSGSEND = YES;
				ENABLE_USER_SCRIPT_SANDBOXING = YES;
				GCC_C_LANGUAGE_STANDARD = gnu11;
				GCC_NO_COMMON_BLOCKS = YES;
				GCC_WARN_64_TO_32_BIT_CONVERSION = YES;
				GCC_WARN_ABOUT_RETURN_TYPE = YES_ERROR;
				GCC_WARN_UNDECLARED_SELECTOR = YES;
				GCC_WARN_UNINITIALIZED_AUTOS = YES_AGGRESSIVE;
				GCC_WARN_UNUSED_FUNCTION = YES;
				GCC_WARN_UNUSED_VARIABLE = YES;
				IPHONEOS_DEPLOYMENT_TARGET = 18.0;
				LOCALIZATION_PREFERS_STRING_CATALOGS = YES;
				MARKETING_VERSION = 3.0;
				MTL_ENABLE_DEBUG_INFO = NO;
				MTL_FAST_MATH = YES;
				SDKROOT = iphoneos;
				SWIFT_COMPILATION_MODE = wholemodule;
				SWIFT_DEFAULT_ACTOR_ISOLATION = MainActor;
				SWIFT_EMIT_LOC_STRINGS = YES;
				SWIFT_OPTIMIZATION_LEVEL = "-O";
				SWIFT_VERSION = 6.0;
				TARGETED_DEVICE_FAMILY = "1,2,6";
				VALIDATE_PRODUCT = YES;
				VERSIONING_SYSTEM = "apple-generic";
			};
			name = Release;
		};
		0968CDB82522667B00D409FF /* Debug */ = {
			isa = XCBuildConfiguration;
			buildSettings = {
				ASSETCATALOG_COMPILER_APPICON_NAME = eestiilm;
				ASSETCATALOG_COMPILER_GLOBAL_ACCENT_COLOR_NAME = AccentColor;
				CODE_SIGN_ENTITLEMENTS = "EstonianWeather/Supporting Files/EstonianWeather.entitlements";
				CODE_SIGN_STYLE = Automatic;
				DEVELOPMENT_ASSET_PATHS = "\"EstonianWeather/Supporting Files/Preview Content\"";
				DEVELOPMENT_TEAM = NFA8F38A32;
				ENABLE_PREVIEWS = YES;
				ENABLE_USER_SCRIPT_SANDBOXING = NO;
				INFOPLIST_FILE = "EstonianWeather/Supporting Files/Info.plist";
				INFOPLIST_KEY_CFBundleDisplayName = "Eesti Ilm";
				INFOPLIST_KEY_LSApplicationCategoryType = "public.app-category.weather";
				LD_RUNPATH_SEARCH_PATHS = (
					"$(inherited)",
					"@executable_path/Frameworks",
				);
				PRODUCT_BUNDLE_IDENTIFIER = com.shiaulis.EstonianWeather;
				PRODUCT_NAME = "$(TARGET_NAME)";
				SUPPORTED_PLATFORMS = "iphoneos iphonesimulator";
				SUPPORTS_MACCATALYST = NO;
				SUPPORTS_MAC_DESIGNED_FOR_IPHONE_IPAD = YES;
				SWIFT_EMIT_LOC_STRINGS = YES;
			};
			name = Debug;
		};
		0968CDB92522667B00D409FF /* Release */ = {
			isa = XCBuildConfiguration;
			buildSettings = {
				ASSETCATALOG_COMPILER_APPICON_NAME = eestiilm;
				ASSETCATALOG_COMPILER_GLOBAL_ACCENT_COLOR_NAME = AccentColor;
				CODE_SIGN_ENTITLEMENTS = "EstonianWeather/Supporting Files/EstonianWeather.entitlements";
				CODE_SIGN_STYLE = Automatic;
				DEVELOPMENT_ASSET_PATHS = "\"EstonianWeather/Supporting Files/Preview Content\"";
				DEVELOPMENT_TEAM = NFA8F38A32;
				ENABLE_PREVIEWS = YES;
				ENABLE_USER_SCRIPT_SANDBOXING = NO;
				INFOPLIST_FILE = "EstonianWeather/Supporting Files/Info.plist";
				INFOPLIST_KEY_CFBundleDisplayName = "Eesti Ilm";
				INFOPLIST_KEY_LSApplicationCategoryType = "public.app-category.weather";
				LD_RUNPATH_SEARCH_PATHS = (
					"$(inherited)",
					"@executable_path/Frameworks",
				);
				PRODUCT_BUNDLE_IDENTIFIER = com.shiaulis.EstonianWeather;
				PRODUCT_NAME = "$(TARGET_NAME)";
				SUPPORTED_PLATFORMS = "iphoneos iphonesimulator";
				SUPPORTS_MACCATALYST = NO;
				SUPPORTS_MAC_DESIGNED_FOR_IPHONE_IPAD = YES;
				SWIFT_EMIT_LOC_STRINGS = YES;
			};
			name = Release;
		};
		097698C3252A708C00FA1764 /* Debug */ = {
			isa = XCBuildConfiguration;
			buildSettings = {
				ASSETCATALOG_COMPILER_APPICON_NAME = AppIcon;
				ASSETCATALOG_COMPILER_GLOBAL_ACCENT_COLOR_NAME = AccentColor;
				ASSETCATALOG_COMPILER_WIDGET_BACKGROUND_COLOR_NAME = WidgetBackground;
				CODE_SIGN_ENTITLEMENTS = EstonianWeatherWidget/EstonianWeatherWidgetExtension.entitlements;
				CODE_SIGN_STYLE = Automatic;
				DEVELOPMENT_TEAM = NFA8F38A32;
				INFOPLIST_FILE = EstonianWeatherWidget/Info.plist;
				LD_RUNPATH_SEARCH_PATHS = (
					"$(inherited)",
					"@executable_path/Frameworks",
					"@executable_path/../../Frameworks",
				);
				PRODUCT_BUNDLE_IDENTIFIER = com.shiaulis.EstonianWeather.EstonianWeatherWidget;
				PRODUCT_NAME = "$(TARGET_NAME)";
				SKIP_INSTALL = YES;
				SUPPORTED_PLATFORMS = "iphoneos iphonesimulator";
				SUPPORTS_MACCATALYST = NO;
				SWIFT_EMIT_LOC_STRINGS = YES;
				TARGETED_DEVICE_FAMILY = "1,2,6";
			};
			name = Debug;
		};
		097698C4252A708C00FA1764 /* Release */ = {
			isa = XCBuildConfiguration;
			buildSettings = {
				ASSETCATALOG_COMPILER_APPICON_NAME = AppIcon;
				ASSETCATALOG_COMPILER_GLOBAL_ACCENT_COLOR_NAME = AccentColor;
				ASSETCATALOG_COMPILER_WIDGET_BACKGROUND_COLOR_NAME = WidgetBackground;
				CODE_SIGN_ENTITLEMENTS = EstonianWeatherWidget/EstonianWeatherWidgetExtension.entitlements;
				CODE_SIGN_STYLE = Automatic;
				DEVELOPMENT_TEAM = NFA8F38A32;
				INFOPLIST_FILE = EstonianWeatherWidget/Info.plist;
				LD_RUNPATH_SEARCH_PATHS = (
					"$(inherited)",
					"@executable_path/Frameworks",
					"@executable_path/../../Frameworks",
				);
				PRODUCT_BUNDLE_IDENTIFIER = com.shiaulis.EstonianWeather.EstonianWeatherWidget;
				PRODUCT_NAME = "$(TARGET_NAME)";
				SKIP_INSTALL = YES;
				SUPPORTED_PLATFORMS = "iphoneos iphonesimulator";
				SUPPORTS_MACCATALYST = NO;
				SWIFT_EMIT_LOC_STRINGS = YES;
				TARGETED_DEVICE_FAMILY = "1,2,6";
			};
			name = Release;
		};
		A5E784722E15D44900C83568 /* Debug */ = {
			isa = XCBuildConfiguration;
			buildSettings = {
				CLANG_CXX_LANGUAGE_STANDARD = "gnu++20";
				CODE_SIGN_STYLE = Automatic;
				DEVELOPMENT_TEAM = NFA8F38A32;
				GCC_C_LANGUAGE_STANDARD = gnu17;
				IPHONEOS_DEPLOYMENT_TARGET = 18.0;
				OTHER_LDFLAGS = "-ObjC";
				PRODUCT_NAME = "$(TARGET_NAME)";
				SKIP_INSTALL = YES;
				SUPPORTED_PLATFORMS = "iphoneos iphonesimulator";
				SUPPORTS_MACCATALYST = NO;
				SWIFT_ACTIVE_COMPILATION_CONDITIONS = "DEBUG $(inherited)";
				SWIFT_UPCOMING_FEATURE_MEMBER_IMPORT_VISIBILITY = YES;
				SWIFT_VERSION = 5.0;
				TARGETED_DEVICE_FAMILY = "1,2";
			};
			name = Debug;
		};
		A5E784732E15D44900C83568 /* Release */ = {
			isa = XCBuildConfiguration;
			buildSettings = {
				CLANG_CXX_LANGUAGE_STANDARD = "gnu++20";
				CODE_SIGN_STYLE = Automatic;
				DEVELOPMENT_TEAM = NFA8F38A32;
				GCC_C_LANGUAGE_STANDARD = gnu17;
				IPHONEOS_DEPLOYMENT_TARGET = 18.0;
				OTHER_LDFLAGS = "-ObjC";
				PRODUCT_NAME = "$(TARGET_NAME)";
				SKIP_INSTALL = YES;
				SUPPORTED_PLATFORMS = "iphoneos iphonesimulator";
				SUPPORTS_MACCATALYST = NO;
				SWIFT_UPCOMING_FEATURE_MEMBER_IMPORT_VISIBILITY = YES;
				SWIFT_VERSION = 5.0;
				TARGETED_DEVICE_FAMILY = "1,2";
			};
			name = Release;
		};
		B16AEA78287AAF8300E5F791 /* Debug */ = {
			isa = XCBuildConfiguration;
			buildSettings = {
				CLANG_CXX_LANGUAGE_STANDARD = "gnu++20";
				CODE_SIGN_STYLE = Automatic;
				DEVELOPMENT_TEAM = NFA8F38A32;
				OTHER_LDFLAGS = "-ObjC";
				PRODUCT_NAME = "$(TARGET_NAME)";
				SKIP_INSTALL = YES;
				SUPPORTED_PLATFORMS = "iphoneos iphonesimulator";
				SUPPORTS_MACCATALYST = NO;
				TARGETED_DEVICE_FAMILY = "1,2,6";
			};
			name = Debug;
		};
		B16AEA79287AAF8300E5F791 /* Release */ = {
			isa = XCBuildConfiguration;
			buildSettings = {
				CLANG_CXX_LANGUAGE_STANDARD = "gnu++20";
				CODE_SIGN_STYLE = Automatic;
				DEVELOPMENT_TEAM = NFA8F38A32;
				OTHER_LDFLAGS = "-ObjC";
				PRODUCT_NAME = "$(TARGET_NAME)";
				SKIP_INSTALL = YES;
				SUPPORTED_PLATFORMS = "iphoneos iphonesimulator";
				SUPPORTS_MACCATALYST = NO;
				TARGETED_DEVICE_FAMILY = "1,2,6";
			};
			name = Release;
		};
		B1D585612879898800989B14 /* Debug */ = {
			isa = XCBuildConfiguration;
			buildSettings = {
				APPLICATION_EXTENSION_API_ONLY = YES;
				ASSETCATALOG_COMPILER_APPICON_NAME = AppIcon;
				CLANG_CXX_LANGUAGE_STANDARD = "gnu++20";
				CODE_SIGN_IDENTITY = "";
				CODE_SIGN_STYLE = Automatic;
				DEFINES_MODULE = YES;
				DEVELOPMENT_TEAM = NFA8F38A32;
				DYLIB_COMPATIBILITY_VERSION = 1;
				DYLIB_INSTALL_NAME_BASE = "@rpath";
				ENABLE_MODULE_VERIFIER = YES;
				GENERATE_INFOPLIST_FILE = YES;
				INFOPLIST_KEY_NSHumanReadableCopyright = "";
				INSTALL_PATH = "$(LOCAL_LIBRARY_DIR)/Frameworks";
				LD_RUNPATH_SEARCH_PATHS = (
					"$(inherited)",
					"@executable_path/Frameworks",
					"@loader_path/Frameworks",
				);
				MODULE_VERIFIER_SUPPORTED_LANGUAGE_STANDARDS = "gnu11 gnu++20";
				PRODUCT_BUNDLE_IDENTIFIER = com.shiaulis.WeatherKit;
				PRODUCT_NAME = "$(TARGET_NAME:c99extidentifier)";
				SKIP_INSTALL = YES;
				SUPPORTED_PLATFORMS = "iphoneos iphonesimulator";
				SUPPORTS_MACCATALYST = NO;
				SWIFT_EMIT_LOC_STRINGS = YES;
				TARGETED_DEVICE_FAMILY = "1,2,6";
				VERSION_INFO_PREFIX = "";
			};
			name = Debug;
		};
		B1D585622879898800989B14 /* Release */ = {
			isa = XCBuildConfiguration;
			buildSettings = {
				APPLICATION_EXTENSION_API_ONLY = YES;
				ASSETCATALOG_COMPILER_APPICON_NAME = AppIcon;
				CLANG_CXX_LANGUAGE_STANDARD = "gnu++20";
				CODE_SIGN_IDENTITY = "";
				CODE_SIGN_STYLE = Automatic;
				DEFINES_MODULE = YES;
				DEVELOPMENT_TEAM = NFA8F38A32;
				DYLIB_COMPATIBILITY_VERSION = 1;
				DYLIB_INSTALL_NAME_BASE = "@rpath";
				ENABLE_MODULE_VERIFIER = YES;
				GENERATE_INFOPLIST_FILE = YES;
				INFOPLIST_KEY_NSHumanReadableCopyright = "";
				INSTALL_PATH = "$(LOCAL_LIBRARY_DIR)/Frameworks";
				LD_RUNPATH_SEARCH_PATHS = (
					"$(inherited)",
					"@executable_path/Frameworks",
					"@loader_path/Frameworks",
				);
				MODULE_VERIFIER_SUPPORTED_LANGUAGE_STANDARDS = "gnu11 gnu++20";
				PRODUCT_BUNDLE_IDENTIFIER = com.shiaulis.WeatherKit;
				PRODUCT_NAME = "$(TARGET_NAME:c99extidentifier)";
				SKIP_INSTALL = YES;
				SUPPORTED_PLATFORMS = "iphoneos iphonesimulator";
				SUPPORTS_MACCATALYST = NO;
				SWIFT_EMIT_LOC_STRINGS = YES;
				TARGETED_DEVICE_FAMILY = "1,2,6";
				VERSION_INFO_PREFIX = "";
			};
			name = Release;
		};
		B1F3374928798D9D00DCB3FE /* Debug */ = {
			isa = XCBuildConfiguration;
			buildSettings = {
				CLANG_CXX_LANGUAGE_STANDARD = "gnu++20";
				CODE_SIGN_STYLE = Automatic;
				DEVELOPMENT_TEAM = NFA8F38A32;
				OTHER_LDFLAGS = "-ObjC";
				PRODUCT_NAME = "$(TARGET_NAME)";
				SKIP_INSTALL = YES;
				SUPPORTED_PLATFORMS = "iphoneos iphonesimulator";
				SUPPORTS_MACCATALYST = NO;
				TARGETED_DEVICE_FAMILY = "1,2,6";
			};
			name = Debug;
		};
		B1F3374A28798D9D00DCB3FE /* Release */ = {
			isa = XCBuildConfiguration;
			buildSettings = {
				CLANG_CXX_LANGUAGE_STANDARD = "gnu++20";
				CODE_SIGN_STYLE = Automatic;
				DEVELOPMENT_TEAM = NFA8F38A32;
				OTHER_LDFLAGS = "-ObjC";
				PRODUCT_NAME = "$(TARGET_NAME)";
				SKIP_INSTALL = YES;
				SUPPORTED_PLATFORMS = "iphoneos iphonesimulator";
				SUPPORTS_MACCATALYST = NO;
				TARGETED_DEVICE_FAMILY = "1,2,6";
			};
			name = Release;
		};
/* End XCBuildConfiguration section */

/* Begin XCConfigurationList section */
		0968CD8D2522667A00D409FF /* Build configuration list for PBXProject "EstonianWeather" */ = {
			isa = XCConfigurationList;
			buildConfigurations = (
				0968CDB52522667B00D409FF /* Debug */,
				0968CDB62522667B00D409FF /* Release */,
			);
			defaultConfigurationIsVisible = 0;
			defaultConfigurationName = Release;
		};
		0968CDB72522667B00D409FF /* Build configuration list for PBXNativeTarget "EstonianWeather" */ = {
			isa = XCConfigurationList;
			buildConfigurations = (
				0968CDB82522667B00D409FF /* Debug */,
				0968CDB92522667B00D409FF /* Release */,
			);
			defaultConfigurationIsVisible = 0;
			defaultConfigurationName = Release;
		};
		097698C5252A708C00FA1764 /* Build configuration list for PBXNativeTarget "EstonianWeatherWidgetExtension" */ = {
			isa = XCConfigurationList;
			buildConfigurations = (
				097698C3252A708C00FA1764 /* Debug */,
				097698C4252A708C00FA1764 /* Release */,
			);
			defaultConfigurationIsVisible = 0;
			defaultConfigurationName = Release;
		};
		A5E784712E15D44900C83568 /* Build configuration list for PBXNativeTarget "WeatherNetworking" */ = {
			isa = XCConfigurationList;
			buildConfigurations = (
				A5E784722E15D44900C83568 /* Debug */,
				A5E784732E15D44900C83568 /* Release */,
			);
			defaultConfigurationIsVisible = 0;
			defaultConfigurationName = Release;
		};
		B16AEA7A287AAF8300E5F791 /* Build configuration list for PBXNativeTarget "Toolkit" */ = {
			isa = XCConfigurationList;
			buildConfigurations = (
				B16AEA78287AAF8300E5F791 /* Debug */,
				B16AEA79287AAF8300E5F791 /* Release */,
			);
			defaultConfigurationIsVisible = 0;
			defaultConfigurationName = Release;
		};
		B1D585602879898800989B14 /* Build configuration list for PBXNativeTarget "WeatherKit" */ = {
			isa = XCConfigurationList;
			buildConfigurations = (
				B1D585612879898800989B14 /* Debug */,
				B1D585622879898800989B14 /* Release */,
			);
			defaultConfigurationIsVisible = 0;
			defaultConfigurationName = Release;
		};
		B1F3374828798D9D00DCB3FE /* Build configuration list for PBXNativeTarget "WeatherLocale" */ = {
			isa = XCConfigurationList;
			buildConfigurations = (
				B1F3374928798D9D00DCB3FE /* Debug */,
				B1F3374A28798D9D00DCB3FE /* Release */,
			);
			defaultConfigurationIsVisible = 0;
			defaultConfigurationName = Release;
		};
/* End XCConfigurationList section */

/* Begin XCRemoteSwiftPackageReference section */
		A5D79D6D2E12F8DB007131F4 /* XCRemoteSwiftPackageReference "SwiftLintPlugins" */ = {
			isa = XCRemoteSwiftPackageReference;
			repositoryURL = "https://github.com/SimplyDanny/SwiftLintPlugins";
			requirement = {
				kind = upToNextMajorVersion;
				minimumVersion = 0.59.1;
			};
		};
		B151FD952BF102B70090D9B7 /* XCRemoteSwiftPackageReference "SWXMLHash" */ = {
			isa = XCRemoteSwiftPackageReference;
			repositoryURL = "https://github.com/drmohundro/SWXMLHash.git";
			requirement = {
				kind = upToNextMajorVersion;
				minimumVersion = 7.0.2;
			};
		};
/* End XCRemoteSwiftPackageReference section */

/* Begin XCSwiftPackageProductDependency section */
		A5D79D6E2E12F920007131F4 /* SwiftLintBuildToolPlugin */ = {
			isa = XCSwiftPackageProductDependency;
			package = A5D79D6D2E12F8DB007131F4 /* XCRemoteSwiftPackageReference "SwiftLintPlugins" */;
			productName = "plugin:SwiftLintBuildToolPlugin";
		};
		B151FD962BF102B70090D9B7 /* SWXMLHash */ = {
			isa = XCSwiftPackageProductDependency;
			package = B151FD952BF102B70090D9B7 /* XCRemoteSwiftPackageReference "SWXMLHash" */;
			productName = SWXMLHash;
		};
/* End XCSwiftPackageProductDependency section */
	};
	rootObject = 0968CD8A2522667A00D409FF /* Project object */;
}
