{
  "pins" : [
    {
      "identity" : "purchasekit",
      "kind" : "remoteSourceControl",
      "location" : "https://github.com/Shiaulis/PurchaseKit",
      "state" : {
        "branch" : "main",
        "revision" : "1f53cd62959ffb91b534d8c6f38f56e6da8e371c"
      }
    },
    {
      "identity" : "r.swift.library",
      "kind" : "remoteSourceControl",
      "location" : "https://github.com/mac-cain13/R.swift.Library",
      "state" : {
        "revision" : "8998cfe77f4fce79ee6dfab0c88a7d551659d8fb",
        "version" : "5.4.0"
      }
    },
    {
      "identity" : "swxmlhash",
      "kind" : "remoteSourceControl",
      "location" : "https://github.com/drmohundro/SWXMLHash",
      "state" : {
        "revision" : "4d0f62f561458cbe1f732171e625f03195151b60",
        "version" : "7.0.1"
      }
    },
    {
      "identity" : "weatherkit",
      "kind" : "remoteSourceControl",
      "location" : "https://github.com/Shiaulis/WeatherKit",
      "state" : {
        "revision" : "e4306d66272152c1c2f48591bd11f516f1191c78",
        "version" : "2.0.1"
      }
    }
  ],
  "version" : 2
}
