{
  "originHash" : "0bda306e8862a710abf1cc57695651b9e930ac3ed9f74473963a5e00c76bdfad",
  "pins" : [
    {
      "identity" : "swxmlhash",
      "kind" : "remoteSourceControl",
      "location" : "https://github.com/drmohundro/SWXMLHash",
      "state" : {
        "revision" : "4d0f62f561458cbe1f732171e625f03195151b60",
        "version" : "7.0.1"
      }
    }
  ],
  "version" : 3
}
